
Microsoft Visual Studio Solution File, Format Version 12.00
# Visual Studio Version 16
VisualStudioVersion = 16.0.31727.386
MinimumVisualStudioVersion = 10.0.40219.1
Project("{FAE04EC0-301F-11D3-BF4B-00C04F79EFBC}") = "Practice_28.02", "Practice_28.02\Practice_28.02.csproj", "{0DB0319F-56A1-4A4F-AC5E-610387B1FA31}"
EndProject
Project("{FAE04EC0-301F-11D3-BF4B-00C04F79EFBC}") = "HomeWork_modul_01", "HomeWork_modul_01\HomeWork_modul_01.csproj", "{C8ED1739-197A-4A56-B930-53C2E59768D8}"
EndProject
Project("{FAE04EC0-301F-11D3-BF4B-00C04F79EFBC}") = "Practic_02.03", "Practic_02.03\Practic_02.03.csproj", "{39485C6D-4F16-44A1-A26E-EFFF25C54397}"
EndProject
Project("{FAE04EC0-301F-11D3-BF4B-00C04F79EFBC}") = "Practic_04.03", "Practic_04.03\Practic_04.03.csproj", "{FFFFC21E-3153-40ED-ABAD-AF89BAA17A9B}"
EndProject
Project("{FAE04EC0-301F-11D3-BF4B-00C04F79EFBC}") = "Practic_07.03", "Practic_07.03\Practic_07.03.csproj", "{A5FC79A6-C1B4-4F90-A746-03B48847786D}"
EndProject
Project("{FAE04EC0-301F-11D3-BF4B-00C04F79EFBC}") = "HomeWork_modul_02", "HomeWork_module_02\HomeWork_modul_02.csproj", "{659733BB-AEDD-4707-A887-625F99E54268}"
EndProject
Project("{FAE04EC0-301F-11D3-BF4B-00C04F79EFBC}") = "Practic_09.03", "Practic_09.03\Practic_09.03.csproj", "{9BC998A1-7CDD-4075-A357-7D845F7CDB10}"
EndProject
Project("{FAE04EC0-301F-11D3-BF4B-00C04F79EFBC}") = "Practic_11.03", "Practic_11.03\Practic_11.03.csproj", "{72063880-F7B7-40EF-BE94-03C39BB12B8A}"
EndProject
Project("{FAE04EC0-301F-11D3-BF4B-00C04F79EFBC}") = "Practic_14.03", "Practic_14.03\Practic_14.03.csproj", "{C0918EED-BAB0-4BC6-B6C7-4401A1E33A20}"
EndProject
Project("{FAE04EC0-301F-11D3-BF4B-00C04F79EFBC}") = "Practic_16.03", "Practic_16.03\Practic_16.03.csproj", "{FFC58445-14B9-4537-9EF0-723DCF7E2A66}"
EndProject
Project("{FAE04EC0-301F-11D3-BF4B-00C04F79EFBC}") = "Practic_18.03", "Practic_18.03\Practic_18.03.csproj", "{7D2C8FDF-17B5-4161-8F7B-8F6BADAB7C71}"
EndProject
Project("{FAE04EC0-301F-11D3-BF4B-00C04F79EFBC}") = "Practic_21.03", "Practic_21.03\Practic_21.03.csproj", "{112D3360-207A-417B-8D72-7CCF7F185498}"
EndProject
Project("{FAE04EC0-301F-11D3-BF4B-00C04F79EFBC}") = "Practic_23.03", "Practic_23.03\Practic_23.03.csproj", "{B2180588-931C-4B52-9629-259CBECF9BF6}"
EndProject
Project("{FAE04EC0-301F-11D3-BF4B-00C04F79EFBC}") = "Practic_25.03", "Practic_25.03\Practic_25.03.csproj", "{65226474-262A-4F77-8AAC-FD40A1D9448B}"
EndProject
Global
	GlobalSection(SolutionConfigurationPlatforms) = preSolution
		Debug|Any CPU = Debug|Any CPU
		Release|Any CPU = Release|Any CPU
	EndGlobalSection
	GlobalSection(ProjectConfigurationPlatforms) = postSolution
		{0DB0319F-56A1-4A4F-AC5E-610387B1FA31}.Debug|Any CPU.ActiveCfg = Debug|Any CPU
		{0DB0319F-56A1-4A4F-AC5E-610387B1FA31}.Debug|Any CPU.Build.0 = Debug|Any CPU
		{0DB0319F-56A1-4A4F-AC5E-610387B1FA31}.Release|Any CPU.ActiveCfg = Release|Any CPU
		{0DB0319F-56A1-4A4F-AC5E-610387B1FA31}.Release|Any CPU.Build.0 = Release|Any CPU
		{C8ED1739-197A-4A56-B930-53C2E59768D8}.Debug|Any CPU.ActiveCfg = Debug|Any CPU
		{C8ED1739-197A-4A56-B930-53C2E59768D8}.Debug|Any CPU.Build.0 = Debug|Any CPU
		{C8ED1739-197A-4A56-B930-53C2E59768D8}.Release|Any CPU.ActiveCfg = Release|Any CPU
		{C8ED1739-197A-4A56-B930-53C2E59768D8}.Release|Any CPU.Build.0 = Release|Any CPU
		{39485C6D-4F16-44A1-A26E-EFFF25C54397}.Debug|Any CPU.ActiveCfg = Debug|Any CPU
		{39485C6D-4F16-44A1-A26E-EFFF25C54397}.Debug|Any CPU.Build.0 = Debug|Any CPU
		{39485C6D-4F16-44A1-A26E-EFFF25C54397}.Release|Any CPU.ActiveCfg = Release|Any CPU
		{39485C6D-4F16-44A1-A26E-EFFF25C54397}.Release|Any CPU.Build.0 = Release|Any CPU
		{FFFFC21E-3153-40ED-ABAD-AF89BAA17A9B}.Debug|Any CPU.ActiveCfg = Debug|Any CPU
		{FFFFC21E-3153-40ED-ABAD-AF89BAA17A9B}.Debug|Any CPU.Build.0 = Debug|Any CPU
		{FFFFC21E-3153-40ED-ABAD-AF89BAA17A9B}.Release|Any CPU.ActiveCfg = Release|Any CPU
		{FFFFC21E-3153-40ED-ABAD-AF89BAA17A9B}.Release|Any CPU.Build.0 = Release|Any CPU
		{A5FC79A6-C1B4-4F90-A746-03B48847786D}.Debug|Any CPU.ActiveCfg = Debug|Any CPU
		{A5FC79A6-C1B4-4F90-A746-03B48847786D}.Debug|Any CPU.Build.0 = Debug|Any CPU
		{A5FC79A6-C1B4-4F90-A746-03B48847786D}.Release|Any CPU.ActiveCfg = Release|Any CPU
		{A5FC79A6-C1B4-4F90-A746-03B48847786D}.Release|Any CPU.Build.0 = Release|Any CPU
		{659733BB-AEDD-4707-A887-625F99E54268}.Debug|Any CPU.ActiveCfg = Debug|Any CPU
		{659733BB-AEDD-4707-A887-625F99E54268}.Debug|Any CPU.Build.0 = Debug|Any CPU
		{659733BB-AEDD-4707-A887-625F99E54268}.Release|Any CPU.ActiveCfg = Release|Any CPU
		{659733BB-AEDD-4707-A887-625F99E54268}.Release|Any CPU.Build.0 = Release|Any CPU
		{9BC998A1-7CDD-4075-A357-7D845F7CDB10}.Debug|Any CPU.ActiveCfg = Debug|Any CPU
		{9BC998A1-7CDD-4075-A357-7D845F7CDB10}.Debug|Any CPU.Build.0 = Debug|Any CPU
		{9BC998A1-7CDD-4075-A357-7D845F7CDB10}.Release|Any CPU.ActiveCfg = Release|Any CPU
		{9BC998A1-7CDD-4075-A357-7D845F7CDB10}.Release|Any CPU.Build.0 = Release|Any CPU
		{72063880-F7B7-40EF-BE94-03C39BB12B8A}.Debug|Any CPU.ActiveCfg = Debug|Any CPU
		{72063880-F7B7-40EF-BE94-03C39BB12B8A}.Debug|Any CPU.Build.0 = Debug|Any CPU
		{72063880-F7B7-40EF-BE94-03C39BB12B8A}.Release|Any CPU.ActiveCfg = Release|Any CPU
		{72063880-F7B7-40EF-BE94-03C39BB12B8A}.Release|Any CPU.Build.0 = Release|Any CPU
		{C0918EED-BAB0-4BC6-B6C7-4401A1E33A20}.Debug|Any CPU.ActiveCfg = Debug|Any CPU
		{C0918EED-BAB0-4BC6-B6C7-4401A1E33A20}.Debug|Any CPU.Build.0 = Debug|Any CPU
		{C0918EED-BAB0-4BC6-B6C7-4401A1E33A20}.Release|Any CPU.ActiveCfg = Release|Any CPU
		{C0918EED-BAB0-4BC6-B6C7-4401A1E33A20}.Release|Any CPU.Build.0 = Release|Any CPU
		{FFC58445-14B9-4537-9EF0-723DCF7E2A66}.Debug|Any CPU.ActiveCfg = Debug|Any CPU
		{FFC58445-14B9-4537-9EF0-723DCF7E2A66}.Debug|Any CPU.Build.0 = Debug|Any CPU
		{FFC58445-14B9-4537-9EF0-723DCF7E2A66}.Release|Any CPU.ActiveCfg = Release|Any CPU
		{FFC58445-14B9-4537-9EF0-723DCF7E2A66}.Release|Any CPU.Build.0 = Release|Any CPU
		{7D2C8FDF-17B5-4161-8F7B-8F6BADAB7C71}.Debug|Any CPU.ActiveCfg = Debug|Any CPU
		{7D2C8FDF-17B5-4161-8F7B-8F6BADAB7C71}.Debug|Any CPU.Build.0 = Debug|Any CPU
		{7D2C8FDF-17B5-4161-8F7B-8F6BADAB7C71}.Release|Any CPU.ActiveCfg = Release|Any CPU
		{7D2C8FDF-17B5-4161-8F7B-8F6BADAB7C71}.Release|Any CPU.Build.0 = Release|Any CPU
		{112D3360-207A-417B-8D72-7CCF7F185498}.Debug|Any CPU.ActiveCfg = Debug|Any CPU
		{112D3360-207A-417B-8D72-7CCF7F185498}.Debug|Any CPU.Build.0 = Debug|Any CPU
		{112D3360-207A-417B-8D72-7CCF7F185498}.Release|Any CPU.ActiveCfg = Release|Any CPU
		{112D3360-207A-417B-8D72-7CCF7F185498}.Release|Any CPU.Build.0 = Release|Any CPU
		{B2180588-931C-4B52-9629-259CBECF9BF6}.Debug|Any CPU.ActiveCfg = Debug|Any CPU
		{B2180588-931C-4B52-9629-259CBECF9BF6}.Debug|Any CPU.Build.0 = Debug|Any CPU
		{B2180588-931C-4B52-9629-259CBECF9BF6}.Release|Any CPU.ActiveCfg = Release|Any CPU
		{B2180588-931C-4B52-9629-259CBECF9BF6}.Release|Any CPU.Build.0 = Release|Any CPU
		{65226474-262A-4F77-8AAC-FD40A1D9448B}.Debug|Any CPU.ActiveCfg = Debug|Any CPU
		{65226474-262A-4F77-8AAC-FD40A1D9448B}.Debug|Any CPU.Build.0 = Debug|Any CPU
		{65226474-262A-4F77-8AAC-FD40A1D9448B}.Release|Any CPU.ActiveCfg = Release|Any CPU
		{65226474-262A-4F77-8AAC-FD40A1D9448B}.Release|Any CPU.Build.0 = Release|Any CPU
	EndGlobalSection
	GlobalSection(SolutionProperties) = preSolution
		HideSolutionNode = FALSE
	EndGlobalSection
	GlobalSection(ExtensibilityGlobals) = postSolution
		SolutionGuid = {2521FDAE-6D6C-494B-B084-6668814A3702}
	EndGlobalSection
EndGlobal
