
Microsoft Visual Studio Solution File, Format Version 12.00
# Visual Studio Version 16
VisualStudioVersion = 16.0.31727.386
MinimumVisualStudioVersion = 10.0.40219.1
Project("{FAE04EC0-301F-11D3-BF4B-00C04F79EFBC}") = "Practice_28.02", "Practice_28.02\Practice_28.02.csproj", "{0DB0319F-56A1-4A4F-AC5E-610387B1FA31}"
EndProject
Project("{FAE04EC0-301F-11D3-BF4B-00C04F79EFBC}") = "HomeWork_modul_01", "HomeWork_modul_01\HomeWork_modul_01.csproj", "{C8ED1739-197A-4A56-B930-53C2E59768D8}"
EndProject
Project("{FAE04EC0-301F-11D3-BF4B-00C04F79EFBC}") = "Practic_02.03", "Practic_02.03\Practic_02.03.csproj", "{39485C6D-4F16-44A1-A26E-EFFF25C54397}"
EndProject
Project("{FAE04EC0-301F-11D3-BF4B-00C04F79EFBC}") = "Practic_04.03", "Practic_04.03\Practic_04.03.csproj", "{FFFFC21E-3153-40ED-ABAD-AF89BAA17A9B}"
EndProject
Project("{FAE04EC0-301F-11D3-BF4B-00C04F79EFBC}") = "Practic_07.03", "Practic_07.03\Practic_07.03.csproj", "{A5FC79A6-C1B4-4F90-A746-03B48847786D}"
EndProject
Project("{FAE04EC0-301F-11D3-BF4B-00C04F79EFBC}") = "HomeWork_modul_02", "HomeWork_module_02\HomeWork_modul_02.csproj", "{659733BB-AEDD-4707-A887-625F99E54268}"
EndProject
Global
	GlobalSection(SolutionConfigurationPlatforms) = preSolution
		Debug|Any CPU = Debug|Any CPU
		Release|Any CPU = Release|Any CPU
	EndGlobalSection
	GlobalSection(ProjectConfigurationPlatforms) = postSolution
		{0DB0319F-56A1-4A4F-AC5E-610387B1FA31}.Debug|Any CPU.ActiveCfg = Debug|Any CPU
		{0DB0319F-56A1-4A4F-AC5E-610387B1FA31}.Debug|Any CPU.Build.0 = Debug|Any CPU
		{0DB0319F-56A1-4A4F-AC5E-610387B1FA31}.Release|Any CPU.ActiveCfg = Release|Any CPU
		{0DB0319F-56A1-4A4F-AC5E-610387B1FA31}.Release|Any CPU.Build.0 = Release|Any CPU
		{C8ED1739-197A-4A56-B930-53C2E59768D8}.Debug|Any CPU.ActiveCfg = Debug|Any CPU
		{C8ED1739-197A-4A56-B930-53C2E59768D8}.Debug|Any CPU.Build.0 = Debug|Any CPU
		{C8ED1739-197A-4A56-B930-53C2E59768D8}.Release|Any CPU.ActiveCfg = Release|Any CPU
		{C8ED1739-197A-4A56-B930-53C2E59768D8}.Release|Any CPU.Build.0 = Release|Any CPU
		{39485C6D-4F16-44A1-A26E-EFFF25C54397}.Debug|Any CPU.ActiveCfg = Debug|Any CPU
		{39485C6D-4F16-44A1-A26E-EFFF25C54397}.Debug|Any CPU.Build.0 = Debug|Any CPU
		{39485C6D-4F16-44A1-A26E-EFFF25C54397}.Release|Any CPU.ActiveCfg = Release|Any CPU
		{39485C6D-4F16-44A1-A26E-EFFF25C54397}.Release|Any CPU.Build.0 = Release|Any CPU
		{FFFFC21E-3153-40ED-ABAD-AF89BAA17A9B}.Debug|Any CPU.ActiveCfg = Debug|Any CPU
		{FFFFC21E-3153-40ED-ABAD-AF89BAA17A9B}.Debug|Any CPU.Build.0 = Debug|Any CPU
		{FFFFC21E-3153-40ED-ABAD-AF89BAA17A9B}.Release|Any CPU.ActiveCfg = Release|Any CPU
		{FFFFC21E-3153-40ED-ABAD-AF89BAA17A9B}.Release|Any CPU.Build.0 = Release|Any CPU
		{A5FC79A6-C1B4-4F90-A746-03B48847786D}.Debug|Any CPU.ActiveCfg = Debug|Any CPU
		{A5FC79A6-C1B4-4F90-A746-03B48847786D}.Debug|Any CPU.Build.0 = Debug|Any CPU
		{A5FC79A6-C1B4-4F90-A746-03B48847786D}.Release|Any CPU.ActiveCfg = Release|Any CPU
		{A5FC79A6-C1B4-4F90-A746-03B48847786D}.Release|Any CPU.Build.0 = Release|Any CPU
		{659733BB-AEDD-4707-A887-625F99E54268}.Debug|Any CPU.ActiveCfg = Debug|Any CPU
		{659733BB-AEDD-4707-A887-625F99E54268}.Debug|Any CPU.Build.0 = Debug|Any CPU
		{659733BB-AEDD-4707-A887-625F99E54268}.Release|Any CPU.ActiveCfg = Release|Any CPU
		{659733BB-AEDD-4707-A887-625F99E54268}.Release|Any CPU.Build.0 = Release|Any CPU
	EndGlobalSection
	GlobalSection(SolutionProperties) = preSolution
		HideSolutionNode = FALSE
	EndGlobalSection
	GlobalSection(ExtensibilityGlobals) = postSolution
		SolutionGuid = {2521FDAE-6D6C-494B-B084-6668814A3702}
	EndGlobalSection
EndGlobal
